
Microsoft Visual Studio Solution File, Format Version 12.00
# Visual Studio 15
VisualStudioVersion = 15.0.26228.4
MinimumVisualStudioVersion = 10.0.40219.1
Project("{FAE04EC0-301F-11D3-BF4B-00C04F79EFBC}") = "App.Wpf", "App.Wpf\App.Wpf.csproj", "{CEC9083C-D737-40D7-8A5A-29F7B136639D}"
EndProject
Project("{FAE04EC0-301F-11D3-BF4B-00C04F79EFBC}") = "Web.Api", "Web.Api\Web.Api.csproj", "{A38D5168-7AEE-4020-BF0F-6C9BD5AFA4E6}"
EndProject
Project("{FAE04EC0-301F-11D3-BF4B-00C04F79EFBC}") = "0.library", "0.library\0.library.csproj", "{FCAD1ABF-269F-4027-8567-A0F7F12B9BBC}"
EndProject
Project("{FAE04EC0-301F-11D3-BF4B-00C04F79EFBC}") = "4.presentation", "4.presentation\4.presentation.csproj", "{86BEC387-F29C-4E3A-8F81-BF30EE30F1A2}"
EndProject
Project("{FAE04EC0-301F-11D3-BF4B-00C04F79EFBC}") = "99.test", "99.test\99.test.csproj", "{50CE807E-2ECF-4B47-A800-48A6EAC48789}"
EndProject
Project("{FAE04EC0-301F-11D3-BF4B-00C04F79EFBC}") = "2.data", "2.data\2.data.csproj", "{5C9F70FF-24C2-4630-B5B0-FE2731A06803}"
EndProject
Project("{FAE04EC0-301F-11D3-BF4B-00C04F79EFBC}") = "1.entities", "1.entities\1.entities.csproj", "{C6AC5BB1-29CD-4E8D-865C-902F54833A06}"
EndProject
Project("{FAE04EC0-301F-11D3-BF4B-00C04F79EFBC}") = "3.domain", "3.domain\3.domain.csproj", "{175C8652-8E2E-4285-8BFB-94A430E8BC72}"
EndProject
Project("{FAE04EC0-301F-11D3-BF4B-00C04F79EFBC}") = "app.cmd", "app.cmd\app.cmd.csproj", "{06730A9B-FF6D-4BD1-9D5D-5884D0E72F11}"
EndProject
Global
	GlobalSection(SolutionConfigurationPlatforms) = preSolution
		Debug|Any CPU = Debug|Any CPU
		Release|Any CPU = Release|Any CPU
	EndGlobalSection
	GlobalSection(ProjectConfigurationPlatforms) = postSolution
		{CEC9083C-D737-40D7-8A5A-29F7B136639D}.Debug|Any CPU.ActiveCfg = Debug|Any CPU
		{CEC9083C-D737-40D7-8A5A-29F7B136639D}.Debug|Any CPU.Build.0 = Debug|Any CPU
		{CEC9083C-D737-40D7-8A5A-29F7B136639D}.Release|Any CPU.ActiveCfg = Release|Any CPU
		{CEC9083C-D737-40D7-8A5A-29F7B136639D}.Release|Any CPU.Build.0 = Release|Any CPU
		{A38D5168-7AEE-4020-BF0F-6C9BD5AFA4E6}.Debug|Any CPU.ActiveCfg = Debug|Any CPU
		{A38D5168-7AEE-4020-BF0F-6C9BD5AFA4E6}.Debug|Any CPU.Build.0 = Debug|Any CPU
		{A38D5168-7AEE-4020-BF0F-6C9BD5AFA4E6}.Release|Any CPU.ActiveCfg = Release|Any CPU
		{A38D5168-7AEE-4020-BF0F-6C9BD5AFA4E6}.Release|Any CPU.Build.0 = Release|Any CPU
		{FCAD1ABF-269F-4027-8567-A0F7F12B9BBC}.Debug|Any CPU.ActiveCfg = Debug|Any CPU
		{FCAD1ABF-269F-4027-8567-A0F7F12B9BBC}.Debug|Any CPU.Build.0 = Debug|Any CPU
		{FCAD1ABF-269F-4027-8567-A0F7F12B9BBC}.Release|Any CPU.ActiveCfg = Release|Any CPU
		{FCAD1ABF-269F-4027-8567-A0F7F12B9BBC}.Release|Any CPU.Build.0 = Release|Any CPU
		{86BEC387-F29C-4E3A-8F81-BF30EE30F1A2}.Debug|Any CPU.ActiveCfg = Debug|Any CPU
		{86BEC387-F29C-4E3A-8F81-BF30EE30F1A2}.Debug|Any CPU.Build.0 = Debug|Any CPU
		{86BEC387-F29C-4E3A-8F81-BF30EE30F1A2}.Release|Any CPU.ActiveCfg = Release|Any CPU
		{86BEC387-F29C-4E3A-8F81-BF30EE30F1A2}.Release|Any CPU.Build.0 = Release|Any CPU
		{50CE807E-2ECF-4B47-A800-48A6EAC48789}.Debug|Any CPU.ActiveCfg = Debug|Any CPU
		{50CE807E-2ECF-4B47-A800-48A6EAC48789}.Debug|Any CPU.Build.0 = Debug|Any CPU
		{50CE807E-2ECF-4B47-A800-48A6EAC48789}.Release|Any CPU.ActiveCfg = Release|Any CPU
		{50CE807E-2ECF-4B47-A800-48A6EAC48789}.Release|Any CPU.Build.0 = Release|Any CPU
		{5C9F70FF-24C2-4630-B5B0-FE2731A06803}.Debug|Any CPU.ActiveCfg = Debug|Any CPU
		{5C9F70FF-24C2-4630-B5B0-FE2731A06803}.Debug|Any CPU.Build.0 = Debug|Any CPU
		{5C9F70FF-24C2-4630-B5B0-FE2731A06803}.Release|Any CPU.ActiveCfg = Release|Any CPU
		{5C9F70FF-24C2-4630-B5B0-FE2731A06803}.Release|Any CPU.Build.0 = Release|Any CPU
		{C6AC5BB1-29CD-4E8D-865C-902F54833A06}.Debug|Any CPU.ActiveCfg = Debug|Any CPU
		{C6AC5BB1-29CD-4E8D-865C-902F54833A06}.Debug|Any CPU.Build.0 = Debug|Any CPU
		{C6AC5BB1-29CD-4E8D-865C-902F54833A06}.Release|Any CPU.ActiveCfg = Release|Any CPU
		{C6AC5BB1-29CD-4E8D-865C-902F54833A06}.Release|Any CPU.Build.0 = Release|Any CPU
		{175C8652-8E2E-4285-8BFB-94A430E8BC72}.Debug|Any CPU.ActiveCfg = Debug|Any CPU
		{175C8652-8E2E-4285-8BFB-94A430E8BC72}.Debug|Any CPU.Build.0 = Debug|Any CPU
		{175C8652-8E2E-4285-8BFB-94A430E8BC72}.Release|Any CPU.ActiveCfg = Release|Any CPU
		{175C8652-8E2E-4285-8BFB-94A430E8BC72}.Release|Any CPU.Build.0 = Release|Any CPU
		{06730A9B-FF6D-4BD1-9D5D-5884D0E72F11}.Debug|Any CPU.ActiveCfg = Debug|Any CPU
		{06730A9B-FF6D-4BD1-9D5D-5884D0E72F11}.Debug|Any CPU.Build.0 = Debug|Any CPU
		{06730A9B-FF6D-4BD1-9D5D-5884D0E72F11}.Release|Any CPU.ActiveCfg = Release|Any CPU
		{06730A9B-FF6D-4BD1-9D5D-5884D0E72F11}.Release|Any CPU.Build.0 = Release|Any CPU
	EndGlobalSection
	GlobalSection(SolutionProperties) = preSolution
		HideSolutionNode = FALSE
	EndGlobalSection
EndGlobal
